# This file was autogenerated by Stack.
# You should not edit this file by hand.
# For more information, please see the documentation at:
#   https://docs.haskellstack.org/en/stable/lock_files

packages:
- completed:
    size: 67494
    url: https://github.com/NorfairKing/amqp/archive/95deadbb67487a5dcd8aa4788936ab20fbf109c9.tar.gz
    name: amqp
    version: 0.20.0.1
    sha256: 9bbfb7a1119da6db9253d40000976f5616edf635da7a9ae52eba95b134a08c65
    pantry-tree:
      size: 2090
      sha256: 0b5ed99ac02714857717398b5cd7a6b29c1c9d25d66be20cd7772abad6aa8fcf
  original:
    url: https://github.com/NorfairKing/amqp/archive/95deadbb67487a5dcd8aa4788936ab20fbf109c9.tar.gz
snapshots:
- completed:
    size: 496112
    url: https://raw.githubusercontent.com/commercialhaskell/stackage-snapshots/master/lts/15/15.yaml
    sha256: 86169722ad0056ffc9eacc157ef80ee21d7024f92c0d2961c89ccf432db230a3
  original: lts-15.15
